{
  "name": "@codianz/emv-tools",
  "version": "0.0.1",
  "lockfileVersion": 2,
  "requires": true,
  "packages": {
    "": {
      "name": "@codianz/emv-tools",
      "version": "0.0.1",
      "license": "MIT",
      "dependencies": {
        "@codianz/singleton": "0.0.4"
      },
      "devDependencies": {
        "typescript": "^4.3.4"
      }
    },
    "node_modules/@codianz/singleton": {
      "version": "0.0.4",
      "resolved": "https://registry.npmjs.org/@codianz/singleton/-/singleton-0.0.4.tgz",
      "integrity": "sha512-j+selLLTckJ8qWu7KYME+MlbfAGwL+pDhdQr0WbH2Sa5QPWc/Udsw+Hp/sF+UxsC8PWvxWPOxiQ3zlmdhPFpPg=="
    },
    "node_modules/typescript": {
      "version": "4.9.5",
      "resolved": "https://registry.npmjs.org/typescript/-/typescript-4.9.5.tgz",
      "integrity": "sha512-1FXk9E2Hm+QzZQ7z+McJiHL4NW1F2EzMu9Nq9i3zAaGqibafqYwCVU6WyWAuyQRRzOlxou8xZSyXLEN8oKj24g==",
      "dev": true,
      "bin": {
        "tsc": "bin/tsc",
        "tsserver": "bin/tsserver"
      },
      "engines": {
        "node": ">=4.2.0"
      }
    }
  },
  "dependencies": {
    "@codianz/singleton": {
      "version": "0.0.4",
      "resolved": "https://registry.npmjs.org/@codianz/singleton/-/singleton-0.0.4.tgz",
      "integrity": "sha512-j+selLLTckJ8qWu7KYME+MlbfAGwL+pDhdQr0WbH2Sa5QPWc/Udsw+Hp/sF+UxsC8PWvxWPOxiQ3zlmdhPFpPg=="
    },
    "typescript": {
      "version": "4.9.5",
      "resolved": "https://registry.npmjs.org/typescript/-/typescript-4.9.5.tgz",
      "integrity": "sha512-1FXk9E2Hm+QzZQ7z+McJiHL4NW1F2EzMu9Nq9i3zAaGqibafqYwCVU6WyWAuyQRRzOlxou8xZSyXLEN8oKj24g==",
      "dev": true
    }
  }
}
